
Microsoft Visual Studio Solution File, Format Version 12.00
# Visual Studio Version 16
VisualStudioVersion = 16.0.29201.188
MinimumVisualStudioVersion = 16.0.29201.188
Project("{9A19103F-16F7-4668-BE54-9A1E7A4F7556}") = "PropertyChanged.Fody", "PropertyChanged.Fody\PropertyChanged.Fody.csproj", "{C3578A7B-09A6-4444-9383-0DEAFA4958BD}"
EndProject
Project("{9A19103F-16F7-4668-BE54-9A1E7A4F7556}") = "PropertyChanged", "PropertyChanged\PropertyChanged.csproj", "{40235741-D750-45B1-8DC5-49576025ABA9}"
	ProjectSection(ProjectDependencies) = postProject
		{C3578A7B-09A6-4444-9383-0DEAFA4958BD} = {C3578A7B-09A6-4444-9383-0DEAFA4958BD}
	EndProjectSection
EndProject
Project("{2150E333-8FDC-42A3-9474-1A3956D46DE8}") = "Solution Items", "Solution Items", "{19A5180B-ADE5-426B-AD51-27B443F9C400}"
	ProjectSection(SolutionItems) = preProject
		.editorconfig = .editorconfig
		Directory.Build.props = Directory.Build.props
	EndProjectSection
EndProject
Global
	GlobalSection(SolutionConfigurationPlatforms) = preSolution
		Debug|Any CPU = Debug|Any CPU
		Debug|ARM = Debug|ARM
		Debug|x86 = Debug|x86
		Release|Any CPU = Release|Any CPU
		Release|ARM = Release|ARM
		Release|x86 = Release|x86
	EndGlobalSection
	GlobalSection(ProjectConfigurationPlatforms) = postSolution
		{C3578A7B-09A6-4444-9383-0DEAFA4958BD}.Debug|Any CPU.ActiveCfg = Debug|Any CPU
		{C3578A7B-09A6-4444-9383-0DEAFA4958BD}.Debug|Any CPU.Build.0 = Debug|Any CPU
		{C3578A7B-09A6-4444-9383-0DEAFA4958BD}.Debug|ARM.ActiveCfg = Debug|Any CPU
		{C3578A7B-09A6-4444-9383-0DEAFA4958BD}.Debug|x86.ActiveCfg = Debug|Any CPU
		{C3578A7B-09A6-4444-9383-0DEAFA4958BD}.Release|Any CPU.ActiveCfg = Release|Any CPU
		{C3578A7B-09A6-4444-9383-0DEAFA4958BD}.Release|Any CPU.Build.0 = Release|Any CPU
		{C3578A7B-09A6-4444-9383-0DEAFA4958BD}.Release|ARM.ActiveCfg = Release|Any CPU
		{C3578A7B-09A6-4444-9383-0DEAFA4958BD}.Release|x86.ActiveCfg = Release|Any CPU
		{40235741-D750-45B1-8DC5-49576025ABA9}.Debug|Any CPU.ActiveCfg = Debug|Any CPU
		{40235741-D750-45B1-8DC5-49576025ABA9}.Debug|Any CPU.Build.0 = Debug|Any CPU
		{40235741-D750-45B1-8DC5-49576025ABA9}.Debug|ARM.ActiveCfg = Debug|Any CPU
		{40235741-D750-45B1-8DC5-49576025ABA9}.Debug|x86.ActiveCfg = Debug|Any CPU
		{40235741-D750-45B1-8DC5-49576025ABA9}.Release|Any CPU.ActiveCfg = Release|Any CPU
		{40235741-D750-45B1-8DC5-49576025ABA9}.Release|Any CPU.Build.0 = Release|Any CPU
		{40235741-D750-45B1-8DC5-49576025ABA9}.Release|ARM.ActiveCfg = Release|Any CPU
		{40235741-D750-45B1-8DC5-49576025ABA9}.Release|x86.ActiveCfg = Release|Any CPU
	EndGlobalSection
	GlobalSection(SolutionProperties) = preSolution
		HideSolutionNode = FALSE
	EndGlobalSection
	GlobalSection(ExtensibilityGlobals) = postSolution
		SolutionGuid = {ABD5CA78-3690-4D62-8642-3463D9FAE144}
	EndGlobalSection
EndGlobal
